
Microsoft Visual Studio Solution File, Format Version 12.00
# Visual Studio 15
VisualStudioVersion = 15.0.28307.329
MinimumVisualStudioVersion = 10.0.40219.1
Project("{FAE04EC0-301F-11D3-BF4B-00C04F79EFBC}") = "SammysAuto", "SammysAuto\SammysAuto.csproj", "{34B64C8C-7947-4890-B73B-A0C6CAAFD921}"
EndProject
Global
	GlobalSection(SolutionConfigurationPlatforms) = preSolution
		Debug|Any CPU = Debug|Any CPU
		Release|Any CPU = Release|Any CPU
	EndGlobalSection
	GlobalSection(ProjectConfigurationPlatforms) = postSolution
		{34B64C8C-7947-4890-B73B-A0C6CAAFD921}.Debug|Any CPU.ActiveCfg = Debug|Any CPU
		{34B64C8C-7947-4890-B73B-A0C6CAAFD921}.Debug|Any CPU.Build.0 = Debug|Any CPU
		{34B64C8C-7947-4890-B73B-A0C6CAAFD921}.Release|Any CPU.ActiveCfg = Release|Any CPU
		{34B64C8C-7947-4890-B73B-A0C6CAAFD921}.Release|Any CPU.Build.0 = Release|Any CPU
	EndGlobalSection
	GlobalSection(SolutionProperties) = preSolution
		HideSolutionNode = FALSE
	EndGlobalSection
	GlobalSection(ExtensibilityGlobals) = postSolution
		SolutionGuid = {E35E366E-B591-4B65-A6EC-73C381CD5E26}
	EndGlobalSection
EndGlobal
